
Microsoft Visual Studio Solution File, Format Version 12.00
# Visual Studio Version 16
VisualStudioVersion = 16.0.30225.117
MinimumVisualStudioVersion = 10.0.40219.1
Project("{9A19103F-16F7-4668-BE54-9A1E7A4F7556}") = "WebAPIMovieRatingSystem", "WebAPIMovieRatingSystem\WebAPIMovieRatingSystem.csproj", "{C416B86A-E860-4795-88B9-82E7A34B5B08}"
EndProject
Project("{FAE04EC0-301F-11D3-BF4B-00C04F79EFBC}") = "MovieRatingSystemClient", "MovieRatingSystemClient\MovieRatingSystemClient.csproj", "{CBBAB0A1-DE65-4199-B3AB-E981BF045B7F}"
EndProject
Global
	GlobalSection(SolutionConfigurationPlatforms) = preSolution
		Debug|Any CPU = Debug|Any CPU
		Release|Any CPU = Release|Any CPU
	EndGlobalSection
	GlobalSection(ProjectConfigurationPlatforms) = postSolution
		{C416B86A-E860-4795-88B9-82E7A34B5B08}.Debug|Any CPU.ActiveCfg = Debug|Any CPU
		{C416B86A-E860-4795-88B9-82E7A34B5B08}.Debug|Any CPU.Build.0 = Debug|Any CPU
		{C416B86A-E860-4795-88B9-82E7A34B5B08}.Release|Any CPU.ActiveCfg = Release|Any CPU
		{C416B86A-E860-4795-88B9-82E7A34B5B08}.Release|Any CPU.Build.0 = Release|Any CPU
		{CBBAB0A1-DE65-4199-B3AB-E981BF045B7F}.Debug|Any CPU.ActiveCfg = Debug|Any CPU
		{CBBAB0A1-DE65-4199-B3AB-E981BF045B7F}.Debug|Any CPU.Build.0 = Debug|Any CPU
		{CBBAB0A1-DE65-4199-B3AB-E981BF045B7F}.Release|Any CPU.ActiveCfg = Release|Any CPU
		{CBBAB0A1-DE65-4199-B3AB-E981BF045B7F}.Release|Any CPU.Build.0 = Release|Any CPU
	EndGlobalSection
	GlobalSection(SolutionProperties) = preSolution
		HideSolutionNode = FALSE
	EndGlobalSection
	GlobalSection(ExtensibilityGlobals) = postSolution
		SolutionGuid = {0674C986-1E86-4615-85AC-F466E3E17194}
	EndGlobalSection
EndGlobal
